
Microsoft Visual Studio Solution File, Format Version 12.00
# Visual Studio Version 17
VisualStudioVersion = 17.4.33122.133
MinimumVisualStudioVersion = 10.0.40219.1
Project("{FAE04EC0-301F-11D3-BF4B-00C04F79EFBC}") = "HealthcheckTest", "HealthcheckTest\HealthcheckTest.csproj", "{0DF8BD97-9BBD-45FF-9AAD-786EB577F4CC}"
EndProject
Project("{E53339B2-1760-4266-BCC7-CA923CBCF16C}") = "docker-compose", "docker-compose.dcproj", "{47E99F2F-6816-416B-B99B-84C71316E836}"
EndProject
Global
	GlobalSection(SolutionConfigurationPlatforms) = preSolution
		Debug|Any CPU = Debug|Any CPU
		Release|Any CPU = Release|Any CPU
	EndGlobalSection
	GlobalSection(ProjectConfigurationPlatforms) = postSolution
		{0DF8BD97-9BBD-45FF-9AAD-786EB577F4CC}.Debug|Any CPU.ActiveCfg = Debug|Any CPU
		{0DF8BD97-9BBD-45FF-9AAD-786EB577F4CC}.Debug|Any CPU.Build.0 = Debug|Any CPU
		{0DF8BD97-9BBD-45FF-9AAD-786EB577F4CC}.Release|Any CPU.ActiveCfg = Release|Any CPU
		{0DF8BD97-9BBD-45FF-9AAD-786EB577F4CC}.Release|Any CPU.Build.0 = Release|Any CPU
		{47E99F2F-6816-416B-B99B-84C71316E836}.Debug|Any CPU.ActiveCfg = Debug|Any CPU
		{47E99F2F-6816-416B-B99B-84C71316E836}.Debug|Any CPU.Build.0 = Debug|Any CPU
		{47E99F2F-6816-416B-B99B-84C71316E836}.Release|Any CPU.ActiveCfg = Release|Any CPU
		{47E99F2F-6816-416B-B99B-84C71316E836}.Release|Any CPU.Build.0 = Release|Any CPU
	EndGlobalSection
	GlobalSection(SolutionProperties) = preSolution
		HideSolutionNode = FALSE
	EndGlobalSection
	GlobalSection(ExtensibilityGlobals) = postSolution
		SolutionGuid = {AA97FE7B-F2E7-4F2A-AFCB-F9A1CA4F80F4}
	EndGlobalSection
EndGlobal
